
Microsoft Visual Studio Solution File, Format Version 12.00
# Visual Studio Version 17
VisualStudioVersion = 17.4.33110.190
MinimumVisualStudioVersion = 15.0.26124.0
Project("{9A19103F-16F7-4668-BE54-9A1E7A4F7556}") = "ef6", "src\ef6\ef6.csproj", "{7F79B619-FA4D-46D7-876E-FD06C22465DB}"
EndProject
Global
	GlobalSection(SolutionConfigurationPlatforms) = preSolution
		Debug|Any CPU = Debug|Any CPU
		Debug|x86 = Debug|x86
		Release|Any CPU = Release|Any CPU
		Release|x86 = Release|x86
	EndGlobalSection
	GlobalSection(ProjectConfigurationPlatforms) = postSolution
		{7F79B619-FA4D-46D7-876E-FD06C22465DB}.Debug|Any CPU.ActiveCfg = Debug|Any CPU
		{7F79B619-FA4D-46D7-876E-FD06C22465DB}.Debug|Any CPU.Build.0 = Debug|Any CPU
		{7F79B619-FA4D-46D7-876E-FD06C22465DB}.Debug|x86.ActiveCfg = Debug|x86
		{7F79B619-FA4D-46D7-876E-FD06C22465DB}.Debug|x86.Build.0 = Debug|x86
		{7F79B619-FA4D-46D7-876E-FD06C22465DB}.Release|Any CPU.ActiveCfg = Release|Any CPU
		{7F79B619-FA4D-46D7-876E-FD06C22465DB}.Release|Any CPU.Build.0 = Release|Any CPU
		{7F79B619-FA4D-46D7-876E-FD06C22465DB}.Release|x86.ActiveCfg = Release|x86
		{7F79B619-FA4D-46D7-876E-FD06C22465DB}.Release|x86.Build.0 = Release|x86
	EndGlobalSection
	GlobalSection(SolutionProperties) = preSolution
		HideSolutionNode = FALSE
	EndGlobalSection
	GlobalSection(ExtensibilityGlobals) = postSolution
		SolutionGuid = {D7045317-2675-4853-926A-4D4354176EEE}
	EndGlobalSection
EndGlobal
